
Microsoft Visual Studio Solution File, Format Version 12.00
# Visual Studio Version 17
VisualStudioVersion = 17.3.32825.248
MinimumVisualStudioVersion = 10.0.40219.1
Project("{FAE04EC0-301F-11D3-BF4B-00C04F79EFBC}") = "MinesweeperMilestoneConsoleApp", "MinesweeperMilestoneConsoleApp\MinesweeperMilestoneConsoleApp.csproj", "{EC9112D5-D91A-46E5-A8A7-3449DBF515ED}"
EndProject
Global
	GlobalSection(SolutionConfigurationPlatforms) = preSolution
		Debug|Any CPU = Debug|Any CPU
		Release|Any CPU = Release|Any CPU
	EndGlobalSection
	GlobalSection(ProjectConfigurationPlatforms) = postSolution
		{EC9112D5-D91A-46E5-A8A7-3449DBF515ED}.Debug|Any CPU.ActiveCfg = Debug|Any CPU
		{EC9112D5-D91A-46E5-A8A7-3449DBF515ED}.Debug|Any CPU.Build.0 = Debug|Any CPU
		{EC9112D5-D91A-46E5-A8A7-3449DBF515ED}.Release|Any CPU.ActiveCfg = Release|Any CPU
		{EC9112D5-D91A-46E5-A8A7-3449DBF515ED}.Release|Any CPU.Build.0 = Release|Any CPU
	EndGlobalSection
	GlobalSection(SolutionProperties) = preSolution
		HideSolutionNode = FALSE
	EndGlobalSection
	GlobalSection(ExtensibilityGlobals) = postSolution
		SolutionGuid = {5C558A00-B6CA-4A92-B460-437B6AE5AD88}
	EndGlobalSection
EndGlobal
